
Microsoft Visual Studio Solution File, Format Version 12.00
# Visual Studio Version 17
VisualStudioVersion = 17.9.34701.34
MinimumVisualStudioVersion = 10.0.40219.1
Project("{9A19103F-16F7-4668-BE54-9A1E7A4F7556}") = "TelefonenUkazatel", "TelefonenUkazatel\TelefonenUkazatel.csproj", "{1C2C2F08-05C5-4715-96C7-4518E3A875EB}"
EndProject
Project("{9A19103F-16F7-4668-BE54-9A1E7A4F7556}") = "MinurskaZadacha", "MinurskaZadacha\MinurskaZadacha.csproj", "{A277949D-6659-4EE9-A3C8-E569546CCE74}"
EndProject
Global
	GlobalSection(SolutionConfigurationPlatforms) = preSolution
		Debug|Any CPU = Debug|Any CPU
		Release|Any CPU = Release|Any CPU
	EndGlobalSection
	GlobalSection(ProjectConfigurationPlatforms) = postSolution
		{1C2C2F08-05C5-4715-96C7-4518E3A875EB}.Debug|Any CPU.ActiveCfg = Debug|Any CPU
		{1C2C2F08-05C5-4715-96C7-4518E3A875EB}.Debug|Any CPU.Build.0 = Debug|Any CPU
		{1C2C2F08-05C5-4715-96C7-4518E3A875EB}.Release|Any CPU.ActiveCfg = Release|Any CPU
		{1C2C2F08-05C5-4715-96C7-4518E3A875EB}.Release|Any CPU.Build.0 = Release|Any CPU
		{A277949D-6659-4EE9-A3C8-E569546CCE74}.Debug|Any CPU.ActiveCfg = Debug|Any CPU
		{A277949D-6659-4EE9-A3C8-E569546CCE74}.Debug|Any CPU.Build.0 = Debug|Any CPU
		{A277949D-6659-4EE9-A3C8-E569546CCE74}.Release|Any CPU.ActiveCfg = Release|Any CPU
		{A277949D-6659-4EE9-A3C8-E569546CCE74}.Release|Any CPU.Build.0 = Release|Any CPU
	EndGlobalSection
	GlobalSection(SolutionProperties) = preSolution
		HideSolutionNode = FALSE
	EndGlobalSection
	GlobalSection(ExtensibilityGlobals) = postSolution
		SolutionGuid = {859C10B4-7570-4F3A-8ACC-9D6041B9FBC5}
	EndGlobalSection
EndGlobal
